
Microsoft Visual Studio Solution File, Format Version 12.00
# Visual Studio 15
VisualStudioVersion = 15.0.28307.421
MinimumVisualStudioVersion = 10.0.40219.1
Project("{FAE04EC0-301F-11D3-BF4B-00C04F79EFBC}") = "StockApp", "StockApp\StockApp.csproj", "{70F37F63-458D-41E0-A8E6-06A4EC0FB144}"
	ProjectSection(ProjectDependencies) = postProject
		{252EACDD-2804-4B54-ADDD-17D56E742455} = {252EACDD-2804-4B54-ADDD-17D56E742455}
	EndProjectSection
EndProject
Project("{FAE04EC0-301F-11D3-BF4B-00C04F79EFBC}") = "StockWcf", "StockWcf\StockWcf.csproj", "{252EACDD-2804-4B54-ADDD-17D56E742455}"
EndProject
Global
	GlobalSection(SolutionConfigurationPlatforms) = preSolution
		Debug|Any CPU = Debug|Any CPU
		Release|Any CPU = Release|Any CPU
	EndGlobalSection
	GlobalSection(ProjectConfigurationPlatforms) = postSolution
		{70F37F63-458D-41E0-A8E6-06A4EC0FB144}.Debug|Any CPU.ActiveCfg = Debug|Any CPU
		{70F37F63-458D-41E0-A8E6-06A4EC0FB144}.Debug|Any CPU.Build.0 = Debug|Any CPU
		{70F37F63-458D-41E0-A8E6-06A4EC0FB144}.Release|Any CPU.ActiveCfg = Release|Any CPU
		{70F37F63-458D-41E0-A8E6-06A4EC0FB144}.Release|Any CPU.Build.0 = Release|Any CPU
		{252EACDD-2804-4B54-ADDD-17D56E742455}.Debug|Any CPU.ActiveCfg = Debug|Any CPU
		{252EACDD-2804-4B54-ADDD-17D56E742455}.Debug|Any CPU.Build.0 = Debug|Any CPU
		{252EACDD-2804-4B54-ADDD-17D56E742455}.Release|Any CPU.ActiveCfg = Release|Any CPU
		{252EACDD-2804-4B54-ADDD-17D56E742455}.Release|Any CPU.Build.0 = Release|Any CPU
	EndGlobalSection
	GlobalSection(SolutionProperties) = preSolution
		HideSolutionNode = FALSE
	EndGlobalSection
	GlobalSection(ExtensibilityGlobals) = postSolution
		SolutionGuid = {04FA8159-8320-4564-8916-58B675FD1242}
	EndGlobalSection
EndGlobal
